PODS:
  - FBSnapshotTestCase (1.4)
  - RMPScrollingMenuBarController (1.0.0)

DEPENDENCIES:
  - FBSnapshotTestCase
  - RMPScrollingMenuBarController (from `../`)

EXTERNAL SOURCES:
  RMPScrollingMenuBarController:
    :path: ../

SPEC CHECKSUMS:
  FBSnapshotTestCase: f9f225b5ba11c8d8c09075590490df16314e4d62
  RMPScrollingMenuBarController: cda7a03f7b4c8aff0b54ddfc73a6c278fe9d41b3

COCOAPODS: 0.34.4
