PODS:
  - FBSnapshotTestCase (1.4)
  - RMPScrollingMenuBarController (1.0.0)

DEPENDENCIES:
  - FBSnapshotTestCase
  - RMPScrollingMenuBarController (from `../`)

EXTERNAL SOURCES:
  RMPScrollingMenuBarController:
    :path: ../

SPEC CHECKSUMS:
  FBSnapshotTestCase: f9f225b5ba11c8d8c09075590490df16314e4d62
  RMPScrollingMenuBarController: 999113f544cf43dc54a8d7b82705ceeee9d42fd6

COCOAPODS: 0.34.4
